PODS:
  - Flutter (1.0.0)
  - flutter_sound_core (8.5.0)
  - flutter_sound_lite (8.5.0):
    - Flutter
    - flutter_sound_core (= 8.5.0)
  - g711_flutter (0.0.1):
    - Flutter
  - path_provider_foundation (0.0.1):
    - Flutter
    - FlutterMacOS
  - "permission_handler (5.1.0+2)":
    - Flutter

DEPENDENCIES:
  - Flutter (from `Flutter`)
  - flutter_sound_lite (from `.symlinks/plugins/flutter_sound_lite/ios`)
  - g711_flutter (from `.symlinks/plugins/g711_flutter/ios`)
  - path_provider_foundation (from `.symlinks/plugins/path_provider_foundation/darwin`)
  - permission_handler (from `.symlinks/plugins/permission_handler/ios`)

SPEC REPOS:
  trunk:
    - flutter_sound_core

EXTERNAL SOURCES:
  Flutter:
    :path: Flutter
  flutter_sound_lite:
    :path: ".symlinks/plugins/flutter_sound_lite/ios"
  g711_flutter:
    :path: ".symlinks/plugins/g711_flutter/ios"
  path_provider_foundation:
    :path: ".symlinks/plugins/path_provider_foundation/darwin"
  permission_handler:
    :path: ".symlinks/plugins/permission_handler/ios"

SPEC CHECKSUMS:
  Flutter: e0871f40cf51350855a761d2e70bf5af5b9b5de7
  flutter_sound_core: d9396f10752a0df9aa3197f4c431d62d934918cc
  flutter_sound_lite: 8114b25195e8a3ac6bad604352280b2054be0520
  g711_flutter: 7f24aa6dad4ffee7f37f1bf0a0ba8207169330a1
  path_provider_foundation: 080d55be775b7414fd5a5ef3ac137b97b097e564
  permission_handler: a6eb0c0a10e733fc3e1dcea4e2d426beb7c91064

PODFILE CHECKSUM: add6bb5cdf5afa8f4c8136395d292567431d0e29

COCOAPODS: 1.16.2
